# THIS IS AN AUTOGENERATED FILE. DO NOT EDIT THIS FILE DIRECTLY.
# yarn lockfile v1


daemon@>=0.3.0:
  version "1.1.0"
  resolved "https://registry.yarnpkg.com/daemon/-/daemon-1.1.0.tgz#6c5102c81db0be856fc9008fc2c935b398864ae8"
  integrity sha512-1vX9YVcP21gt12nSD3SQRC/uPU7fyA6M8qyClTBIFuiRWoylFn57PwXhjBAqRl085bZAje7sILhZU48qcS9SWw==

init@^0.1.2:
  version "0.1.2"
  resolved "https://registry.yarnpkg.com/init/-/init-0.1.2.tgz#9882ac152707bccba7fe2207c8df8050875c1504"
  integrity sha512-IvHUjULS2q+BXJdiu4FHkByh3+qSFmkOXQ2ItSfYTtkdUksQc0yNX6f1uDyokzRV71tjpFsFc3ckeYLJXunTGw==
  dependencies:
    daemon ">=0.3.0"
